github.com/d3tourrr/NomiKinGo v0.2.41 h1:LncisqhOP4ynaUamJHji/j4pnLGBmUA3ZCV7khqN9d0=
github.com/d3tourrr/NomiKinGo v0.2.41/go.mod h1:PDepd5yJzKTg8tP/uRm/MFhOvMdevt7QgN2jd49RazM=
github.com/joho/godotenv v1.5.1 h1:7eLL/+HRGLY0ldzfGMeQkb7vMd0as4CfYvUVzLqw0N0=
github.com/joho/godotenv v1.5.1/go.mod h1:f4LDr5Voq0i2e/R5DDNOoa2zzDfwtkZa6DnEwAbqwq4=
